// !$*UTF8*$!
{
	archiveVersion = 1;
	classes = {
	};
	objectVersion = 56;
	objects = {

/* Begin PBXBuildFile section */
		100000001 /* MeishiApp.swift in Sources */ = {isa = PBXBuildFile; fileRef = 200000001 /* MeishiApp.swift */; };
		100000010 /* Person.swift in Sources */ = {isa = PBXBuildFile; fileRef = 200000010 /* Person.swift */; };
		100000011 /* BusinessCard.swift in Sources */ = {isa = PBXBuildFile; fileRef = 200000011 /* BusinessCard.swift */; };
		100000012 /* Encounter.swift in Sources */ = {isa = PBXBuildFile; fileRef = 200000012 /* Encounter.swift */; };
		100000013 /* Tag.swift in Sources */ = {isa = PBXBuildFile; fileRef = 200000013 /* Tag.swift */; };
		100000014 /* FeatureFlags.swift in Sources */ = {isa = PBXBuildFile; fileRef = 200000014 /* FeatureFlags.swift */; };
		100000020 /* ImageStorageService.swift in Sources */ = {isa = PBXBuildFile; fileRef = 200000020 /* ImageStorageService.swift */; };
		100000021 /* AuthenticationService.swift in Sources */ = {isa = PBXBuildFile; fileRef = 200000021 /* AuthenticationService.swift */; };
		100000022 /* OCRService.swift in Sources */ = {isa = PBXBuildFile; fileRef = 200000022 /* OCRService.swift */; };
		100000023 /* FaceDetectionService.swift in Sources */ = {isa = PBXBuildFile; fileRef = 200000023 /* FaceDetectionService.swift */; };
		100000024 /* ContactService.swift in Sources */ = {isa = PBXBuildFile; fileRef = 200000024 /* ContactService.swift */; };
		100000025 /* ExportService.swift in Sources */ = {isa = PBXBuildFile; fileRef = 200000025 /* ExportService.swift */; };
		100000026 /* BackupService.swift in Sources */ = {isa = PBXBuildFile; fileRef = 200000026 /* BackupService.swift */; };
		100000027 /* ClaudeAPIService.swift in Sources */ = {isa = PBXBuildFile; fileRef = 200000027 /* ClaudeAPIService.swift */; };
		100000028 /* PersonMergeService.swift in Sources */ = {isa = PBXBuildFile; fileRef = 200000028 /* PersonMergeService.swift */; };
		100000030 /* ImageProcessor.swift in Sources */ = {isa = PBXBuildFile; fileRef = 200000030 /* ImageProcessor.swift */; };
		100000031 /* DuplicateDetector.swift in Sources */ = {isa = PBXBuildFile; fileRef = 200000031 /* DuplicateDetector.swift */; };
		100000040 /* PersonListView.swift in Sources */ = {isa = PBXBuildFile; fileRef = 200000040 /* PersonListView.swift */; };
		100000041 /* PersonDetailView.swift in Sources */ = {isa = PBXBuildFile; fileRef = 200000041 /* PersonDetailView.swift */; };
		100000042 /* CardCaptureView.swift in Sources */ = {isa = PBXBuildFile; fileRef = 200000042 /* CardCaptureView.swift */; };
		100000043 /* CardRegistrationView.swift in Sources */ = {isa = PBXBuildFile; fileRef = 200000043 /* CardRegistrationView.swift */; };
		100000044 /* FacePhotoView.swift in Sources */ = {isa = PBXBuildFile; fileRef = 200000044 /* FacePhotoView.swift */; };
		100000045 /* TagManagementView.swift in Sources */ = {isa = PBXBuildFile; fileRef = 200000045 /* TagManagementView.swift */; };
		100000046 /* SettingsView.swift in Sources */ = {isa = PBXBuildFile; fileRef = 200000046 /* SettingsView.swift */; };
		100000047 /* PersonMergeView.swift in Sources */ = {isa = PBXBuildFile; fileRef = 200000047 /* PersonMergeView.swift */; };
		100000050 /* Localizable.strings in Resources */ = {isa = PBXBuildFile; fileRef = 200000050 /* Localizable.strings */; };
		100000051 /* Assets.xcassets in Resources */ = {isa = PBXBuildFile; fileRef = 200000051 /* Assets.xcassets */; };
		100000060 /* ZIPFoundation in Frameworks */ = {isa = PBXBuildFile; productRef = 300000001 /* ZIPFoundation */; };
		100000070 /* LLMServiceProtocol.swift in Sources */ = {isa = PBXBuildFile; fileRef = 200000070 /* LLMServiceProtocol.swift */; };
		100000071 /* LLMServiceFactory.swift in Sources */ = {isa = PBXBuildFile; fileRef = 200000071 /* LLMServiceFactory.swift */; };
		100000072 /* LLMSettingsManager.swift in Sources */ = {isa = PBXBuildFile; fileRef = 200000072 /* LLMSettingsManager.swift */; };
		100000073 /* KeychainService.swift in Sources */ = {isa = PBXBuildFile; fileRef = 200000073 /* KeychainService.swift */; };
		100000074 /* ClaudeAdapter.swift in Sources */ = {isa = PBXBuildFile; fileRef = 200000074 /* ClaudeAdapter.swift */; };
		100000075 /* ChatGPTAdapter.swift in Sources */ = {isa = PBXBuildFile; fileRef = 200000075 /* ChatGPTAdapter.swift */; };
		100000076 /* GeminiAdapter.swift in Sources */ = {isa = PBXBuildFile; fileRef = 200000076 /* GeminiAdapter.swift */; };
		100000077 /* PerplexityAdapter.swift in Sources */ = {isa = PBXBuildFile; fileRef = 200000077 /* PerplexityAdapter.swift */; };
		100000078 /* ImportService.swift in Sources */ = {isa = PBXBuildFile; fileRef = 200000078 /* ImportService.swift */; };
		100000079 /* ImportView.swift in Sources */ = {isa = PBXBuildFile; fileRef = 200000079 /* ImportView.swift */; };
		100000080 /* LLMSettingsView.swift in Sources */ = {isa = PBXBuildFile; fileRef = 200000080 /* LLMSettingsView.swift */; };
		9EE55F292F765CAC00F701CA /* Localizable.strings in Resources */ = {isa = PBXBuildFile; fileRef = 9EE55F1D2F765CAC00F701CA /* Localizable.strings */; };
		9EE55F2A2F765CAC00F701CA /* InfoPlist.strings in Resources */ = {isa = PBXBuildFile; fileRef = 9EE55F1B2F765CAC00F701CA /* InfoPlist.strings */; };
		9EE55F2B2F765CAC00F701CA /* Localizable.strings in Resources */ = {isa = PBXBuildFile; fileRef = 9EE55F182F765CAC00F701CA /* Localizable.strings */; };
		9EE55F2C2F765CAC00F701CA /* InfoPlist.strings in Resources */ = {isa = PBXBuildFile; fileRef = 9EE55F252F765CAC00F701CA /* InfoPlist.strings */; };
		9EE55F2D2F765CAC00F701CA /* InfoPlist.strings in Resources */ = {isa = PBXBuildFile; fileRef = 9EE55F202F765CAC00F701CA /* InfoPlist.strings */; };
		9EE55F2E2F765CAC00F701CA /* InfoPlist.strings in Resources */ = {isa = PBXBuildFile; fileRef = 9EE55F162F765CAC00F701CA /* InfoPlist.strings */; };
		9EE55F2F2F765CAC00F701CA /* Localizable.strings in Resources */ = {isa = PBXBuildFile; fileRef = 9EE55F272F765CAC00F701CA /* Localizable.strings */; };
		9EE55F302F765CAC00F701CA /* Localizable.strings in Resources */ = {isa = PBXBuildFile; fileRef = 9EE55F222F765CAC00F701CA /* Localizable.strings */; };
		9EF739842F7660B1005022DE /* Localizable.strings in Resources */ = {isa = PBXBuildFile; fileRef = 9EF739782F7660B1005022DE /* Localizable.strings */; };
		9EF739852F7660B1005022DE /* Localizable.strings in Resources */ = {isa = PBXBuildFile; fileRef = 9EF7397D2F7660B1005022DE /* Localizable.strings */; };
		9EF739862F7660B1005022DE /* InfoPlist.strings in Resources */ = {isa = PBXBuildFile; fileRef = 9EF7397B2F7660B1005022DE /* InfoPlist.strings */; };
		9EF739872F7660B1005022DE /* Localizable.strings in Resources */ = {isa = PBXBuildFile; fileRef = 9EF739822F7660B1005022DE /* Localizable.strings */; };
		9EF739882F7660B1005022DE /* InfoPlist.strings in Resources */ = {isa = PBXBuildFile; fileRef = 9EF739762F7660B1005022DE /* InfoPlist.strings */; };
		9EF739892F7660B1005022DE /* Localizable.strings in Resources */ = {isa = PBXBuildFile; fileRef = 9EF739732F7660B1005022DE /* Localizable.strings */; };
		9EF7398A2F7660B1005022DE /* InfoPlist.strings in Resources */ = {isa = PBXBuildFile; fileRef = 9EF739802F7660B1005022DE /* InfoPlist.strings */; };
		9EF7398B2F7660B1005022DE /* InfoPlist.strings in Resources */ = {isa = PBXBuildFile; fileRef = 9EF739712F7660B1005022DE /* InfoPlist.strings */; };
		9EAA00060000000000000001 /* InfoPlist.strings in Resources */ = {isa = PBXBuildFile; fileRef = 9EAA00030000000000000001 /* InfoPlist.strings */; };
		9EAA00070000000000000001 /* Localizable.strings in Resources */ = {isa = PBXBuildFile; fileRef = 9EAA00040000000000000001 /* Localizable.strings */; };
/* End PBXBuildFile section */

/* Begin PBXFileReference section */
		200000001 /* MeishiApp.swift */ = {isa = PBXFileReference; lastKnownFileType = sourcecode.swift; path = MeishiApp.swift; sourceTree = "<group>"; };
		200000010 /* Person.swift */ = {isa = PBXFileReference; lastKnownFileType = sourcecode.swift; path = Person.swift; sourceTree = "<group>"; };
		200000011 /* BusinessCard.swift */ = {isa = PBXFileReference; lastKnownFileType = sourcecode.swift; path = BusinessCard.swift; sourceTree = "<group>"; };
		200000012 /* Encounter.swift */ = {isa = PBXFileReference; lastKnownFileType = sourcecode.swift; path = Encounter.swift; sourceTree = "<group>"; };
		200000013 /* Tag.swift */ = {isa = PBXFileReference; lastKnownFileType = sourcecode.swift; path = Tag.swift; sourceTree = "<group>"; };
		200000014 /* FeatureFlags.swift */ = {isa = PBXFileReference; lastKnownFileType = sourcecode.swift; path = FeatureFlags.swift; sourceTree = "<group>"; };
		200000020 /* ImageStorageService.swift */ = {isa = PBXFileReference; lastKnownFileType = sourcecode.swift; path = ImageStorageService.swift; sourceTree = "<group>"; };
		200000021 /* AuthenticationService.swift */ = {isa = PBXFileReference; lastKnownFileType = sourcecode.swift; path = AuthenticationService.swift; sourceTree = "<group>"; };
		200000022 /* OCRService.swift */ = {isa = PBXFileReference; lastKnownFileType = sourcecode.swift; path = OCRService.swift; sourceTree = "<group>"; };
		200000023 /* FaceDetectionService.swift */ = {isa = PBXFileReference; lastKnownFileType = sourcecode.swift; path = FaceDetectionService.swift; sourceTree = "<group>"; };
		200000024 /* ContactService.swift */ = {isa = PBXFileReference; lastKnownFileType = sourcecode.swift; path = ContactService.swift; sourceTree = "<group>"; };
		200000025 /* ExportService.swift */ = {isa = PBXFileReference; lastKnownFileType = sourcecode.swift; path = ExportService.swift; sourceTree = "<group>"; };
		200000026 /* BackupService.swift */ = {isa = PBXFileReference; lastKnownFileType = sourcecode.swift; path = BackupService.swift; sourceTree = "<group>"; };
		200000027 /* ClaudeAPIService.swift */ = {isa = PBXFileReference; lastKnownFileType = sourcecode.swift; path = ClaudeAPIService.swift; sourceTree = "<group>"; xcLanguageSpecificationIdentifier = xcode.lang.plist; };
		200000028 /* PersonMergeService.swift */ = {isa = PBXFileReference; lastKnownFileType = sourcecode.swift; path = PersonMergeService.swift; sourceTree = "<group>"; };
		200000030 /* ImageProcessor.swift */ = {isa = PBXFileReference; lastKnownFileType = sourcecode.swift; path = ImageProcessor.swift; sourceTree = "<group>"; };
		200000031 /* DuplicateDetector.swift */ = {isa = PBXFileReference; lastKnownFileType = sourcecode.swift; path = DuplicateDetector.swift; sourceTree = "<group>"; };
		200000040 /* PersonListView.swift */ = {isa = PBXFileReference; lastKnownFileType = sourcecode.swift; path = PersonListView.swift; sourceTree = "<group>"; };
		200000041 /* PersonDetailView.swift */ = {isa = PBXFileReference; lastKnownFileType = sourcecode.swift; path = PersonDetailView.swift; sourceTree = "<group>"; };
		200000042 /* CardCaptureView.swift */ = {isa = PBXFileReference; lastKnownFileType = sourcecode.swift; path = CardCaptureView.swift; sourceTree = "<group>"; };
		200000043 /* CardRegistrationView.swift */ = {isa = PBXFileReference; lastKnownFileType = sourcecode.swift; path = CardRegistrationView.swift; sourceTree = "<group>"; };
		200000044 /* FacePhotoView.swift */ = {isa = PBXFileReference; lastKnownFileType = sourcecode.swift; path = FacePhotoView.swift; sourceTree = "<group>"; };
		200000045 /* TagManagementView.swift */ = {isa = PBXFileReference; lastKnownFileType = sourcecode.swift; path = TagManagementView.swift; sourceTree = "<group>"; };
		200000046 /* SettingsView.swift */ = {isa = PBXFileReference; lastKnownFileType = sourcecode.swift; path = SettingsView.swift; sourceTree = "<group>"; };
		200000047 /* PersonMergeView.swift */ = {isa = PBXFileReference; lastKnownFileType = sourcecode.swift; path = PersonMergeView.swift; sourceTree = "<group>"; };
		200000050 /* Localizable.strings */ = {isa = PBXFileReference; lastKnownFileType = text.plist.strings; path = Localizable.strings; sourceTree = "<group>"; };
		200000051 /* Assets.xcassets */ = {isa = PBXFileReference; lastKnownFileType = folder.assetcatalog; path = Assets.xcassets; sourceTree = "<group>"; };
		200000052 /* Info.plist */ = {isa = PBXFileReference; lastKnownFileType = text.plist.xml; path = Info.plist; sourceTree = "<group>"; };
		200000070 /* LLMServiceProtocol.swift */ = {isa = PBXFileReference; lastKnownFileType = sourcecode.swift; path = LLMServiceProtocol.swift; sourceTree = "<group>"; };
		200000071 /* LLMServiceFactory.swift */ = {isa = PBXFileReference; lastKnownFileType = sourcecode.swift; path = LLMServiceFactory.swift; sourceTree = "<group>"; };
		200000072 /* LLMSettingsManager.swift */ = {isa = PBXFileReference; lastKnownFileType = sourcecode.swift; path = LLMSettingsManager.swift; sourceTree = "<group>"; };
		200000073 /* KeychainService.swift */ = {isa = PBXFileReference; lastKnownFileType = sourcecode.swift; path = KeychainService.swift; sourceTree = "<group>"; };
		200000074 /* ClaudeAdapter.swift */ = {isa = PBXFileReference; lastKnownFileType = sourcecode.swift; path = ClaudeAdapter.swift; sourceTree = "<group>"; };
		200000075 /* ChatGPTAdapter.swift */ = {isa = PBXFileReference; lastKnownFileType = sourcecode.swift; path = ChatGPTAdapter.swift; sourceTree = "<group>"; };
		200000076 /* GeminiAdapter.swift */ = {isa = PBXFileReference; lastKnownFileType = sourcecode.swift; path = GeminiAdapter.swift; sourceTree = "<group>"; };
		200000077 /* PerplexityAdapter.swift */ = {isa = PBXFileReference; lastKnownFileType = sourcecode.swift; path = PerplexityAdapter.swift; sourceTree = "<group>"; };
		200000078 /* ImportService.swift */ = {isa = PBXFileReference; lastKnownFileType = sourcecode.swift; path = ImportService.swift; sourceTree = "<group>"; };
		200000079 /* ImportView.swift */ = {isa = PBXFileReference; lastKnownFileType = sourcecode.swift; path = ImportView.swift; sourceTree = "<group>"; };
		200000080 /* LLMSettingsView.swift */ = {isa = PBXFileReference; lastKnownFileType = sourcecode.swift; path = LLMSettingsView.swift; sourceTree = "<group>"; };
		400000001 /* MeishiApp.app */ = {isa = PBXFileReference; explicitFileType = wrapper.application; includeInIndex = 0; path = MeishiApp.app; sourceTree = BUILT_PRODUCTS_DIR; };
		9EE55F152F765CAC00F701CA /* ar */ = {isa = PBXFileReference; lastKnownFileType = text.plist.strings; name = ar; path = InfoPlist.strings; sourceTree = "<group>"; };
		9EE55F172F765CAC00F701CA /* ar */ = {isa = PBXFileReference; lastKnownFileType = text.plist.strings; name = ar; path = Localizable.strings; sourceTree = "<group>"; };
		9EE55F1A2F765CAC00F701CA /* de */ = {isa = PBXFileReference; lastKnownFileType = text.plist.strings; name = de; path = InfoPlist.strings; sourceTree = "<group>"; };
		9EE55F1C2F765CAC00F701CA /* de */ = {isa = PBXFileReference; lastKnownFileType = text.plist.strings; name = de; path = Localizable.strings; sourceTree = "<group>"; };
		9EE55F1F2F765CAC00F701CA /* es */ = {isa = PBXFileReference; lastKnownFileType = text.plist.strings; name = es; path = InfoPlist.strings; sourceTree = "<group>"; };
		9EE55F212F765CAC00F701CA /* es */ = {isa = PBXFileReference; lastKnownFileType = text.plist.strings; name = es; path = Localizable.strings; sourceTree = "<group>"; };
		9EE55F242F765CAC00F701CA /* fr */ = {isa = PBXFileReference; lastKnownFileType = text.plist.strings; name = fr; path = InfoPlist.strings; sourceTree = "<group>"; };
		9EE55F262F765CAC00F701CA /* fr */ = {isa = PBXFileReference; lastKnownFileType = text.plist.strings; name = fr; path = Localizable.strings; sourceTree = "<group>"; };
		9EF739702F7660B1005022DE /* en */ = {isa = PBXFileReference; lastKnownFileType = text.plist.strings; name = en; path = InfoPlist.strings; sourceTree = "<group>"; };
		9EF739722F7660B1005022DE /* en */ = {isa = PBXFileReference; lastKnownFileType = text.plist.strings; name = en; path = Localizable.strings; sourceTree = "<group>"; };
		9EF739752F7660B1005022DE /* ko */ = {isa = PBXFileReference; lastKnownFileType = text.plist.strings; name = ko; path = InfoPlist.strings; sourceTree = "<group>"; };
		9EF739772F7660B1005022DE /* ko */ = {isa = PBXFileReference; lastKnownFileType = text.plist.strings; name = ko; path = Localizable.strings; sourceTree = "<group>"; };
		9EF7397A2F7660B1005022DE /* zh-Hans */ = {isa = PBXFileReference; lastKnownFileType = text.plist.strings; name = "zh-Hans"; path = InfoPlist.strings; sourceTree = "<group>"; };
		9EF7397C2F7660B1005022DE /* zh-Hans */ = {isa = PBXFileReference; lastKnownFileType = text.plist.strings; name = "zh-Hans"; path = Localizable.strings; sourceTree = "<group>"; };
		9EF7397F2F7660B1005022DE /* zh-Hant */ = {isa = PBXFileReference; lastKnownFileType = text.plist.strings; name = "zh-Hant"; path = InfoPlist.strings; sourceTree = "<group>"; };
		9EF739812F7660B1005022DE /* zh-Hant */ = {isa = PBXFileReference; lastKnownFileType = text.plist.strings; name = "zh-Hant"; path = Localizable.strings; sourceTree = "<group>"; };
		9EAA00010000000000000001 /* it */ = {isa = PBXFileReference; lastKnownFileType = text.plist.strings; name = it; path = InfoPlist.strings; sourceTree = "<group>"; };
		9EAA00020000000000000001 /* it */ = {isa = PBXFileReference; lastKnownFileType = text.plist.strings; name = it; path = Localizable.strings; sourceTree = "<group>"; };
/* End PBXFileReference section */

/* Begin PBXFrameworksBuildPhase section */
		500000001 /* Frameworks */ = {
			isa = PBXFrameworksBuildPhase;
			buildActionMask = 2147483647;
			files = (
				100000060 /* ZIPFoundation in Frameworks */,
			);
			runOnlyForDeploymentPostprocessing = 0;
		};
/* End PBXFrameworksBuildPhase section */

/* Begin PBXGroup section */
		600000001 = {
			isa = PBXGroup;
			children = (
				600000002 /* MeishiApp */,
				600000099 /* Products */,
			);
			sourceTree = "<group>";
		};
		600000002 /* MeishiApp */ = {
			isa = PBXGroup;
			children = (
				600000003 /* App */,
				600000004 /* Models */,
				600000005 /* Services */,
				600000006 /* Utilities */,
				600000007 /* Views */,
				600000008 /* Resources */,
			);
			path = MeishiApp;
			sourceTree = "<group>";
		};
		600000003 /* App */ = {
			isa = PBXGroup;
			children = (
				200000001 /* MeishiApp.swift */,
			);
			path = App;
			sourceTree = "<group>";
		};
		600000004 /* Models */ = {
			isa = PBXGroup;
			children = (
				200000010 /* Person.swift */,
				200000011 /* BusinessCard.swift */,
				200000012 /* Encounter.swift */,
				200000013 /* Tag.swift */,
				200000014 /* FeatureFlags.swift */,
			);
			path = Models;
			sourceTree = "<group>";
		};
		600000005 /* Services */ = {
			isa = PBXGroup;
			children = (
				200000020 /* ImageStorageService.swift */,
				200000021 /* AuthenticationService.swift */,
				200000022 /* OCRService.swift */,
				200000023 /* FaceDetectionService.swift */,
				200000024 /* ContactService.swift */,
				200000025 /* ExportService.swift */,
				200000026 /* BackupService.swift */,
				200000027 /* ClaudeAPIService.swift */,
				200000028 /* PersonMergeService.swift */,
				200000078 /* ImportService.swift */,
				600000020 /* LLM */,
			);
			path = Services;
			sourceTree = "<group>";
		};
		600000006 /* Utilities */ = {
			isa = PBXGroup;
			children = (
				200000030 /* ImageProcessor.swift */,
				200000031 /* DuplicateDetector.swift */,
			);
			path = Utilities;
			sourceTree = "<group>";
		};
		600000007 /* Views */ = {
			isa = PBXGroup;
			children = (
				600000010 /* PersonList */,
				600000011 /* PersonDetail */,
				600000012 /* CardCapture */,
				600000013 /* CardRegistration */,
				600000014 /* FacePhoto */,
				600000015 /* Components */,
				600000016 /* Settings */,
			);
			path = Views;
			sourceTree = "<group>";
		};
		600000008 /* Resources */ = {
			isa = PBXGroup;
			children = (
				9EF739742F7660B1005022DE /* en.lproj */,
				9EF739792F7660B1005022DE /* ko.lproj */,
				9EF7397E2F7660B1005022DE /* zh-Hans.lproj */,
				9EF739832F7660B1005022DE /* zh-Hant.lproj */,
				9EE55F192F765CAC00F701CA /* ar.lproj */,
				9EE55F1E2F765CAC00F701CA /* de.lproj */,
				9EE55F232F765CAC00F701CA /* es.lproj */,
				9EE55F282F765CAC00F701CA /* fr.lproj */,
				9EAA00050000000000000001 /* it.lproj */,
				200000050 /* Localizable.strings */,
				200000051 /* Assets.xcassets */,
				200000052 /* Info.plist */,
			);
			path = Resources;
			sourceTree = "<group>";
		};
		600000010 /* PersonList */ = {
			isa = PBXGroup;
			children = (
				200000040 /* PersonListView.swift */,
			);
			path = PersonList;
			sourceTree = "<group>";
		};
		600000011 /* PersonDetail */ = {
			isa = PBXGroup;
			children = (
				200000041 /* PersonDetailView.swift */,
				200000047 /* PersonMergeView.swift */,
			);
			path = PersonDetail;
			sourceTree = "<group>";
		};
		600000012 /* CardCapture */ = {
			isa = PBXGroup;
			children = (
				200000042 /* CardCaptureView.swift */,
			);
			path = CardCapture;
			sourceTree = "<group>";
		};
		600000013 /* CardRegistration */ = {
			isa = PBXGroup;
			children = (
				200000043 /* CardRegistrationView.swift */,
			);
			path = CardRegistration;
			sourceTree = "<group>";
		};
		600000014 /* FacePhoto */ = {
			isa = PBXGroup;
			children = (
				200000044 /* FacePhotoView.swift */,
			);
			path = FacePhoto;
			sourceTree = "<group>";
		};
		600000015 /* Components */ = {
			isa = PBXGroup;
			children = (
				200000045 /* TagManagementView.swift */,
			);
			path = Components;
			sourceTree = "<group>";
		};
		600000016 /* Settings */ = {
			isa = PBXGroup;
			children = (
				200000046 /* SettingsView.swift */,
				200000079 /* ImportView.swift */,
				200000080 /* LLMSettingsView.swift */,
			);
			path = Settings;
			sourceTree = "<group>";
		};
		600000020 /* LLM */ = {
			isa = PBXGroup;
			children = (
				200000070 /* LLMServiceProtocol.swift */,
				200000071 /* LLMServiceFactory.swift */,
				200000072 /* LLMSettingsManager.swift */,
				200000073 /* KeychainService.swift */,
				600000021 /* Adapters */,
			);
			path = LLM;
			sourceTree = "<group>";
		};
		600000021 /* Adapters */ = {
			isa = PBXGroup;
			children = (
				200000074 /* ClaudeAdapter.swift */,
				200000075 /* ChatGPTAdapter.swift */,
				200000076 /* GeminiAdapter.swift */,
				200000077 /* PerplexityAdapter.swift */,
			);
			path = Adapters;
			sourceTree = "<group>";
		};
		600000099 /* Products */ = {
			isa = PBXGroup;
			children = (
				400000001 /* MeishiApp.app */,
			);
			name = Products;
			sourceTree = "<group>";
		};
		9EE55F192F765CAC00F701CA /* ar.lproj */ = {
			isa = PBXGroup;
			children = (
				9EE55F162F765CAC00F701CA /* InfoPlist.strings */,
				9EE55F182F765CAC00F701CA /* Localizable.strings */,
			);
			path = ar.lproj;
			sourceTree = "<group>";
		};
		9EE55F1E2F765CAC00F701CA /* de.lproj */ = {
			isa = PBXGroup;
			children = (
				9EE55F1B2F765CAC00F701CA /* InfoPlist.strings */,
				9EE55F1D2F765CAC00F701CA /* Localizable.strings */,
			);
			path = de.lproj;
			sourceTree = "<group>";
		};
		9EE55F232F765CAC00F701CA /* es.lproj */ = {
			isa = PBXGroup;
			children = (
				9EE55F202F765CAC00F701CA /* InfoPlist.strings */,
				9EE55F222F765CAC00F701CA /* Localizable.strings */,
			);
			path = es.lproj;
			sourceTree = "<group>";
		};
		9EE55F282F765CAC00F701CA /* fr.lproj */ = {
			isa = PBXGroup;
			children = (
				9EE55F252F765CAC00F701CA /* InfoPlist.strings */,
				9EE55F272F765CAC00F701CA /* Localizable.strings */,
			);
			path = fr.lproj;
			sourceTree = "<group>";
		};
		9EF739742F7660B1005022DE /* en.lproj */ = {
			isa = PBXGroup;
			children = (
				9EF739712F7660B1005022DE /* InfoPlist.strings */,
				9EF739732F7660B1005022DE /* Localizable.strings */,
			);
			path = en.lproj;
			sourceTree = "<group>";
		};
		9EF739792F7660B1005022DE /* ko.lproj */ = {
			isa = PBXGroup;
			children = (
				9EF739762F7660B1005022DE /* InfoPlist.strings */,
				9EF739782F7660B1005022DE /* Localizable.strings */,
			);
			path = ko.lproj;
			sourceTree = "<group>";
		};
		9EF7397E2F7660B1005022DE /* zh-Hans.lproj */ = {
			isa = PBXGroup;
			children = (
				9EF7397B2F7660B1005022DE /* InfoPlist.strings */,
				9EF7397D2F7660B1005022DE /* Localizable.strings */,
			);
			path = "zh-Hans.lproj";
			sourceTree = "<group>";
		};
		9EF739832F7660B1005022DE /* zh-Hant.lproj */ = {
			isa = PBXGroup;
			children = (
				9EF739802F7660B1005022DE /* InfoPlist.strings */,
				9EF739822F7660B1005022DE /* Localizable.strings */,
			);
			path = "zh-Hant.lproj";
			sourceTree = "<group>";
		};
		9EAA00050000000000000001 /* it.lproj */ = {
			isa = PBXGroup;
			children = (
				9EAA00030000000000000001 /* InfoPlist.strings */,
				9EAA00040000000000000001 /* Localizable.strings */,
			);
			path = it.lproj;
			sourceTree = "<group>";
		};
/* End PBXGroup section */

/* Begin PBXNativeTarget section */
		700000001 /* MeishiApp */ = {
			isa = PBXNativeTarget;
			buildConfigurationList = 800000003 /* Build configuration list for PBXNativeTarget "MeishiApp" */;
			buildPhases = (
				700000002 /* Sources */,
				500000001 /* Frameworks */,
				700000003 /* Resources */,
			);
			buildRules = (
			);
			dependencies = (
			);
			name = MeishiApp;
			packageProductDependencies = (
				300000001 /* ZIPFoundation */,
			);
			productName = MeishiApp;
			productReference = 400000001 /* MeishiApp.app */;
			productType = "com.apple.product-type.application";
		};
/* End PBXNativeTarget section */

/* Begin PBXProject section */
		900000001 /* Project object */ = {
			isa = PBXProject;
			attributes = {
				BuildIndependentTargetsInParallel = 1;
				LastSwiftUpdateCheck = 1500;
				LastUpgradeCheck = 2640;
				TargetAttributes = {
					700000001 = {
						CreatedOnToolsVersion = 15.0;
					};
				};
			};
			buildConfigurationList = 800000001 /* Build configuration list for PBXProject "MeishiApp" */;
			compatibilityVersion = "Xcode 14.0";
			developmentRegion = ja;
			hasScannedForEncodings = 0;
			knownRegions = (
				en,
				ja,
				de,
				fr,
				es,
				ar,
				"zh-Hans",
				"zh-Hant",
				ko,
				it,
				Base,
			);
			mainGroup = 600000001;
			packageReferences = (
				900000002 /* XCRemoteSwiftPackageReference "ZIPFoundation" */,
			);
			productRefGroup = 600000099 /* Products */;
			projectDirPath = "";
			projectRoot = "";
			targets = (
				700000001 /* MeishiApp */,
			);
		};
/* End PBXProject section */

/* Begin PBXResourcesBuildPhase section */
		700000003 /* Resources */ = {
			isa = PBXResourcesBuildPhase;
			buildActionMask = 2147483647;
			files = (
				9EE55F292F765CAC00F701CA /* Localizable.strings in Resources */,
				9EF739842F7660B1005022DE /* Localizable.strings in Resources */,
				9EF739852F7660B1005022DE /* Localizable.strings in Resources */,
				9EF739862F7660B1005022DE /* InfoPlist.strings in Resources */,
				9EF739872F7660B1005022DE /* Localizable.strings in Resources */,
				9EF739882F7660B1005022DE /* InfoPlist.strings in Resources */,
				9EF739892F7660B1005022DE /* Localizable.strings in Resources */,
				9EF7398A2F7660B1005022DE /* InfoPlist.strings in Resources */,
				9EF7398B2F7660B1005022DE /* InfoPlist.strings in Resources */,
				9EE55F2A2F765CAC00F701CA /* InfoPlist.strings in Resources */,
				9EE55F2B2F765CAC00F701CA /* Localizable.strings in Resources */,
				9EE55F2C2F765CAC00F701CA /* InfoPlist.strings in Resources */,
				9EE55F2D2F765CAC00F701CA /* InfoPlist.strings in Resources */,
				9EE55F2E2F765CAC00F701CA /* InfoPlist.strings in Resources */,
				9EE55F2F2F765CAC00F701CA /* Localizable.strings in Resources */,
				9EE55F302F765CAC00F701CA /* Localizable.strings in Resources */,
				100000050 /* Localizable.strings in Resources */,
				100000051 /* Assets.xcassets in Resources */,
				9EAA00060000000000000001 /* InfoPlist.strings in Resources */,
				9EAA00070000000000000001 /* Localizable.strings in Resources */,
			);
			runOnlyForDeploymentPostprocessing = 0;
		};
/* End PBXResourcesBuildPhase section */

/* Begin PBXSourcesBuildPhase section */
		700000002 /* Sources */ = {
			isa = PBXSourcesBuildPhase;
			buildActionMask = 2147483647;
			files = (
				100000001 /* MeishiApp.swift in Sources */,
				100000010 /* Person.swift in Sources */,
				100000011 /* BusinessCard.swift in Sources */,
				100000012 /* Encounter.swift in Sources */,
				100000013 /* Tag.swift in Sources */,
				100000014 /* FeatureFlags.swift in Sources */,
				100000020 /* ImageStorageService.swift in Sources */,
				100000021 /* AuthenticationService.swift in Sources */,
				100000022 /* OCRService.swift in Sources */,
				100000023 /* FaceDetectionService.swift in Sources */,
				100000024 /* ContactService.swift in Sources */,
				100000025 /* ExportService.swift in Sources */,
				100000026 /* BackupService.swift in Sources */,
				100000027 /* ClaudeAPIService.swift in Sources */,
				100000028 /* PersonMergeService.swift in Sources */,
				100000030 /* ImageProcessor.swift in Sources */,
				100000031 /* DuplicateDetector.swift in Sources */,
				100000040 /* PersonListView.swift in Sources */,
				100000041 /* PersonDetailView.swift in Sources */,
				100000047 /* PersonMergeView.swift in Sources */,
				100000042 /* CardCaptureView.swift in Sources */,
				100000043 /* CardRegistrationView.swift in Sources */,
				100000044 /* FacePhotoView.swift in Sources */,
				100000045 /* TagManagementView.swift in Sources */,
				100000046 /* SettingsView.swift in Sources */,
				100000070 /* LLMServiceProtocol.swift in Sources */,
				100000071 /* LLMServiceFactory.swift in Sources */,
				100000072 /* LLMSettingsManager.swift in Sources */,
				100000073 /* KeychainService.swift in Sources */,
				100000074 /* ClaudeAdapter.swift in Sources */,
				100000075 /* ChatGPTAdapter.swift in Sources */,
				100000076 /* GeminiAdapter.swift in Sources */,
				100000077 /* PerplexityAdapter.swift in Sources */,
				100000078 /* ImportService.swift in Sources */,
				100000079 /* ImportView.swift in Sources */,
				100000080 /* LLMSettingsView.swift in Sources */,
			);
			runOnlyForDeploymentPostprocessing = 0;
		};
/* End PBXSourcesBuildPhase section */

/* Begin PBXVariantGroup section */
		9EE55F162F765CAC00F701CA /* InfoPlist.strings */ = {
			isa = PBXVariantGroup;
			children = (
				9EE55F152F765CAC00F701CA /* ar */,
			);
			name = InfoPlist.strings;
			sourceTree = "<group>";
		};
		9EE55F182F765CAC00F701CA /* Localizable.strings */ = {
			isa = PBXVariantGroup;
			children = (
				9EE55F172F765CAC00F701CA /* ar */,
			);
			name = Localizable.strings;
			sourceTree = "<group>";
		};
		9EE55F1B2F765CAC00F701CA /* InfoPlist.strings */ = {
			isa = PBXVariantGroup;
			children = (
				9EE55F1A2F765CAC00F701CA /* de */,
			);
			name = InfoPlist.strings;
			sourceTree = "<group>";
		};
		9EE55F1D2F765CAC00F701CA /* Localizable.strings */ = {
			isa = PBXVariantGroup;
			children = (
				9EE55F1C2F765CAC00F701CA /* de */,
			);
			name = Localizable.strings;
			sourceTree = "<group>";
		};
		9EE55F202F765CAC00F701CA /* InfoPlist.strings */ = {
			isa = PBXVariantGroup;
			children = (
				9EE55F1F2F765CAC00F701CA /* es */,
			);
			name = InfoPlist.strings;
			sourceTree = "<group>";
		};
		9EE55F222F765CAC00F701CA /* Localizable.strings */ = {
			isa = PBXVariantGroup;
			children = (
				9EE55F212F765CAC00F701CA /* es */,
			);
			name = Localizable.strings;
			sourceTree = "<group>";
		};
		9EE55F252F765CAC00F701CA /* InfoPlist.strings */ = {
			isa = PBXVariantGroup;
			children = (
				9EE55F242F765CAC00F701CA /* fr */,
			);
			name = InfoPlist.strings;
			sourceTree = "<group>";
		};
		9EE55F272F765CAC00F701CA /* Localizable.strings */ = {
			isa = PBXVariantGroup;
			children = (
				9EE55F262F765CAC00F701CA /* fr */,
			);
			name = Localizable.strings;
			sourceTree = "<group>";
		};
		9EF739712F7660B1005022DE /* InfoPlist.strings */ = {
			isa = PBXVariantGroup;
			children = (
				9EF739702F7660B1005022DE /* en */,
			);
			name = InfoPlist.strings;
			sourceTree = "<group>";
		};
		9EF739732F7660B1005022DE /* Localizable.strings */ = {
			isa = PBXVariantGroup;
			children = (
				9EF739722F7660B1005022DE /* en */,
			);
			name = Localizable.strings;
			sourceTree = "<group>";
		};
		9EF739762F7660B1005022DE /* InfoPlist.strings */ = {
			isa = PBXVariantGroup;
			children = (
				9EF739752F7660B1005022DE /* ko */,
			);
			name = InfoPlist.strings;
			sourceTree = "<group>";
		};
		9EF739782F7660B1005022DE /* Localizable.strings */ = {
			isa = PBXVariantGroup;
			children = (
				9EF739772F7660B1005022DE /* ko */,
			);
			name = Localizable.strings;
			sourceTree = "<group>";
		};
		9EF7397B2F7660B1005022DE /* InfoPlist.strings */ = {
			isa = PBXVariantGroup;
			children = (
				9EF7397A2F7660B1005022DE /* zh-Hans */,
			);
			name = InfoPlist.strings;
			sourceTree = "<group>";
		};
		9EF7397D2F7660B1005022DE /* Localizable.strings */ = {
			isa = PBXVariantGroup;
			children = (
				9EF7397C2F7660B1005022DE /* zh-Hans */,
			);
			name = Localizable.strings;
			sourceTree = "<group>";
		};
		9EF739802F7660B1005022DE /* InfoPlist.strings */ = {
			isa = PBXVariantGroup;
			children = (
				9EF7397F2F7660B1005022DE /* zh-Hant */,
			);
			name = InfoPlist.strings;
			sourceTree = "<group>";
		};
		9EF739822F7660B1005022DE /* Localizable.strings */ = {
			isa = PBXVariantGroup;
			children = (
				9EF739812F7660B1005022DE /* zh-Hant */,
			);
			name = Localizable.strings;
			sourceTree = "<group>";
		};
		9EAA00030000000000000001 /* InfoPlist.strings */ = {
			isa = PBXVariantGroup;
			children = (
				9EAA00010000000000000001 /* it */,
			);
			name = InfoPlist.strings;
			sourceTree = "<group>";
		};
		9EAA00040000000000000001 /* Localizable.strings */ = {
			isa = PBXVariantGroup;
			children = (
				9EAA00020000000000000001 /* it */,
			);
			name = Localizable.strings;
			sourceTree = "<group>";
		};
/* End PBXVariantGroup section */

/* Begin XCBuildConfiguration section */
		800000010 /* Debug */ = {
			isa = XCBuildConfiguration;
			buildSettings = {
				ALWAYS_SEARCH_USER_PATHS = NO;
				ASSETCATALOG_COMPILER_GENERATE_SWIFT_ASSET_SYMBOL_EXTENSIONS = YES;
				CLANG_ANALYZER_LOCALIZABILITY_NONLOCALIZED = YES;
				CLANG_ANALYZER_NONNULL = YES;
				CLANG_ANALYZER_NUMBER_OBJECT_CONVERSION = YES_AGGRESSIVE;
				CLANG_CXX_LANGUAGE_STANDARD = "gnu++20";
				CLANG_ENABLE_MODULES = YES;
				CLANG_ENABLE_OBJC_ARC = YES;
				CLANG_ENABLE_OBJC_WEAK = YES;
				CLANG_WARN_BLOCK_CAPTURE_AUTORELEASING = YES;
				CLANG_WARN_BOOL_CONVERSION = YES;
				CLANG_WARN_COMMA = YES;
				CLANG_WARN_CONSTANT_CONVERSION = YES;
				CLANG_WARN_DEPRECATED_OBJC_IMPLEMENTATIONS = YES;
				CLANG_WARN_DIRECT_OBJC_ISA_USAGE = YES_ERROR;
				CLANG_WARN_DOCUMENTATION_COMMENTS = YES;
				CLANG_WARN_EMPTY_BODY = YES;
				CLANG_WARN_ENUM_CONVERSION = YES;
				CLANG_WARN_INFINITE_RECURSION = YES;
				CLANG_WARN_INT_CONVERSION = YES;
				CLANG_WARN_NON_LITERAL_NULL_CONVERSION = YES;
				CLANG_WARN_OBJC_IMPLICIT_RETAIN_SELF = YES;
				CLANG_WARN_OBJC_LITERAL_CONVERSION = YES;
				CLANG_WARN_OBJC_ROOT_CLASS = YES_ERROR;
				CLANG_WARN_QUOTED_INCLUDE_IN_FRAMEWORK_HEADER = YES;
				CLANG_WARN_RANGE_LOOP_ANALYSIS = YES;
				CLANG_WARN_STRICT_PROTOTYPES = YES;
				CLANG_WARN_SUSPICIOUS_MOVE = YES;
				CLANG_WARN_UNGUARDED_AVAILABILITY = YES_AGGRESSIVE;
				CLANG_WARN_UNREACHABLE_CODE = YES;
				CLANG_WARN__DUPLICATE_METHOD_MATCH = YES;
				COPY_PHASE_STRIP = NO;
				DEBUG_INFORMATION_FORMAT = dwarf;
				DEVELOPMENT_TEAM = RWX8C2WN2W;
				ENABLE_STRICT_OBJC_MSGSEND = YES;
				ENABLE_TESTABILITY = YES;
				ENABLE_USER_SCRIPT_SANDBOXING = YES;
				GCC_C_LANGUAGE_STANDARD = gnu17;
				GCC_DYNAMIC_NO_PIC = NO;
				GCC_NO_COMMON_BLOCKS = YES;
				GCC_OPTIMIZATION_LEVEL = 0;
				GCC_PREPROCESSOR_DEFINITIONS = (
					"DEBUG=1",
					"$(inherited)",
				);
				GCC_WARN_64_TO_32_BIT_CONVERSION = YES;
				GCC_WARN_ABOUT_RETURN_TYPE = YES_ERROR;
				GCC_WARN_UNDECLARED_SELECTOR = YES;
				GCC_WARN_UNINITIALIZED_AUTOS = YES_AGGRESSIVE;
				GCC_WARN_UNUSED_FUNCTION = YES;
				GCC_WARN_UNUSED_VARIABLE = YES;
				IPHONEOS_DEPLOYMENT_TARGET = 17.0;
				LOCALIZATION_PREFERS_STRING_CATALOGS = YES;
				MTL_ENABLE_DEBUG_INFO = INCLUDE_SOURCE;
				MTL_FAST_MATH = YES;
				ONLY_ACTIVE_ARCH = YES;
				SDKROOT = iphoneos;
				STRING_CATALOG_GENERATE_SYMBOLS = YES;
				SWIFT_ACTIVE_COMPILATION_CONDITIONS = "DEBUG $(inherited)";
				SWIFT_OPTIMIZATION_LEVEL = "-Onone";
			};
			name = Debug;
		};
		800000011 /* Release */ = {
			isa = XCBuildConfiguration;
			buildSettings = {
				ALWAYS_SEARCH_USER_PATHS = NO;
				ASSETCATALOG_COMPILER_GENERATE_SWIFT_ASSET_SYMBOL_EXTENSIONS = YES;
				CLANG_ANALYZER_LOCALIZABILITY_NONLOCALIZED = YES;
				CLANG_ANALYZER_NONNULL = YES;
				CLANG_ANALYZER_NUMBER_OBJECT_CONVERSION = YES_AGGRESSIVE;
				CLANG_CXX_LANGUAGE_STANDARD = "gnu++20";
				CLANG_ENABLE_MODULES = YES;
				CLANG_ENABLE_OBJC_ARC = YES;
				CLANG_ENABLE_OBJC_WEAK = YES;
				CLANG_WARN_BLOCK_CAPTURE_AUTORELEASING = YES;
				CLANG_WARN_BOOL_CONVERSION = YES;
				CLANG_WARN_COMMA = YES;
				CLANG_WARN_CONSTANT_CONVERSION = YES;
				CLANG_WARN_DEPRECATED_OBJC_IMPLEMENTATIONS = YES;
				CLANG_WARN_DIRECT_OBJC_ISA_USAGE = YES_ERROR;
				CLANG_WARN_DOCUMENTATION_COMMENTS = YES;
				CLANG_WARN_EMPTY_BODY = YES;
				CLANG_WARN_ENUM_CONVERSION = YES;
				CLANG_WARN_INFINITE_RECURSION = YES;
				CLANG_WARN_INT_CONVERSION = YES;
				CLANG_WARN_NON_LITERAL_NULL_CONVERSION = YES;
				CLANG_WARN_OBJC_IMPLICIT_RETAIN_SELF = YES;
				CLANG_WARN_OBJC_LITERAL_CONVERSION = YES;
				CLANG_WARN_OBJC_ROOT_CLASS = YES_ERROR;
				CLANG_WARN_QUOTED_INCLUDE_IN_FRAMEWORK_HEADER = YES;
				CLANG_WARN_RANGE_LOOP_ANALYSIS = YES;
				CLANG_WARN_STRICT_PROTOTYPES = YES;
				CLANG_WARN_SUSPICIOUS_MOVE = YES;
				CLANG_WARN_UNGUARDED_AVAILABILITY = YES_AGGRESSIVE;
				CLANG_WARN_UNREACHABLE_CODE = YES;
				CLANG_WARN__DUPLICATE_METHOD_MATCH = YES;
				COPY_PHASE_STRIP = NO;
				DEBUG_INFORMATION_FORMAT = "dwarf-with-dsym";
				DEVELOPMENT_TEAM = RWX8C2WN2W;
				ENABLE_NS_ASSERTIONS = NO;
				ENABLE_STRICT_OBJC_MSGSEND = YES;
				ENABLE_USER_SCRIPT_SANDBOXING = YES;
				GCC_C_LANGUAGE_STANDARD = gnu17;
				GCC_NO_COMMON_BLOCKS = YES;
				GCC_WARN_64_TO_32_BIT_CONVERSION = YES;
				GCC_WARN_ABOUT_RETURN_TYPE = YES_ERROR;
				GCC_WARN_UNDECLARED_SELECTOR = YES;
				GCC_WARN_UNINITIALIZED_AUTOS = YES_AGGRESSIVE;
				GCC_WARN_UNUSED_FUNCTION = YES;
				GCC_WARN_UNUSED_VARIABLE = YES;
				IPHONEOS_DEPLOYMENT_TARGET = 17.0;
				LOCALIZATION_PREFERS_STRING_CATALOGS = YES;
				MTL_ENABLE_DEBUG_INFO = NO;
				MTL_FAST_MATH = YES;
				SDKROOT = iphoneos;
				STRING_CATALOG_GENERATE_SYMBOLS = YES;
				SWIFT_COMPILATION_MODE = wholemodule;
				VALIDATE_PRODUCT = YES;
			};
			name = Release;
		};
		800000020 /* Debug */ = {
			isa = XCBuildConfiguration;
			buildSettings = {
				ASSETCATALOG_COMPILER_APPICON_NAME = AppIcon;
				ASSETCATALOG_COMPILER_GLOBAL_ACCENT_COLOR_NAME = AccentColor;
				CODE_SIGN_STYLE = Automatic;
				CURRENT_PROJECT_VERSION = 1;
				ENABLE_PREVIEWS = YES;
				GENERATE_INFOPLIST_FILE = NO;
				INFOPLIST_FILE = MeishiApp/Resources/Info.plist;
				INFOPLIST_KEY_CFBundleDisplayName = "名刺";
				INFOPLIST_KEY_LSApplicationCategoryType = "public.app-category.productivity";
				INFOPLIST_KEY_UIApplicationSceneManifest_Generation = YES;
				INFOPLIST_KEY_UIApplicationSupportsIndirectInputEvents = YES;
				INFOPLIST_KEY_UILaunchScreen_Generation = YES;
				INFOPLIST_KEY_UISupportedInterfaceOrientations = UIInterfaceOrientationPortrait;
				INFOPLIST_KEY_UISupportedInterfaceOrientations_iPad = "UIInterfaceOrientationLandscapeLeft UIInterfaceOrientationLandscapeRight UIInterfaceOrientationPortrait UIInterfaceOrientationPortraitUpsideDown";
				LD_RUNPATH_SEARCH_PATHS = (
					"$(inherited)",
					"@executable_path/Frameworks",
				);
				MARKETING_VERSION = 1.0;
				PRODUCT_BUNDLE_IDENTIFIER = jp.akkurat.PrivateCards;
				PRODUCT_NAME = "$(TARGET_NAME)";
				SUPPORTED_PLATFORMS = "iphoneos iphonesimulator";
				SUPPORTS_MACCATALYST = NO;
				SWIFT_EMIT_LOC_STRINGS = YES;
				SWIFT_VERSION = 5.0;
				TARGETED_DEVICE_FAMILY = "1,2";
			};
			name = Debug;
		};
		800000021 /* Release */ = {
			isa = XCBuildConfiguration;
			buildSettings = {
				ASSETCATALOG_COMPILER_APPICON_NAME = AppIcon;
				ASSETCATALOG_COMPILER_GLOBAL_ACCENT_COLOR_NAME = AccentColor;
				CODE_SIGN_STYLE = Automatic;
				CURRENT_PROJECT_VERSION = 1;
				ENABLE_PREVIEWS = YES;
				GENERATE_INFOPLIST_FILE = NO;
				INFOPLIST_FILE = MeishiApp/Resources/Info.plist;
				INFOPLIST_KEY_CFBundleDisplayName = "名刺";
				INFOPLIST_KEY_LSApplicationCategoryType = "public.app-category.productivity";
				INFOPLIST_KEY_UIApplicationSceneManifest_Generation = YES;
				INFOPLIST_KEY_UIApplicationSupportsIndirectInputEvents = YES;
				INFOPLIST_KEY_UILaunchScreen_Generation = YES;
				INFOPLIST_KEY_UISupportedInterfaceOrientations = UIInterfaceOrientationPortrait;
				INFOPLIST_KEY_UISupportedInterfaceOrientations_iPad = "UIInterfaceOrientationLandscapeLeft UIInterfaceOrientationLandscapeRight UIInterfaceOrientationPortrait UIInterfaceOrientationPortraitUpsideDown";
				LD_RUNPATH_SEARCH_PATHS = (
					"$(inherited)",
					"@executable_path/Frameworks",
				);
				MARKETING_VERSION = 1.0;
				PRODUCT_BUNDLE_IDENTIFIER = jp.akkurat.PrivateCards;
				PRODUCT_NAME = "$(TARGET_NAME)";
				SUPPORTED_PLATFORMS = "iphoneos iphonesimulator";
				SUPPORTS_MACCATALYST = NO;
				SWIFT_EMIT_LOC_STRINGS = YES;
				SWIFT_VERSION = 5.0;
				TARGETED_DEVICE_FAMILY = "1,2";
			};
			name = Release;
		};
/* End XCBuildConfiguration section */

/* Begin XCConfigurationList section */
		800000001 /* Build configuration list for PBXProject "MeishiApp" */ = {
			isa = XCConfigurationList;
			buildConfigurations = (
				800000010 /* Debug */,
				800000011 /* Release */,
			);
			defaultConfigurationIsVisible = 0;
			defaultConfigurationName = Release;
		};
		800000003 /* Build configuration list for PBXNativeTarget "MeishiApp" */ = {
			isa = XCConfigurationList;
			buildConfigurations = (
				800000020 /* Debug */,
				800000021 /* Release */,
			);
			defaultConfigurationIsVisible = 0;
			defaultConfigurationName = Release;
		};
/* End XCConfigurationList section */

/* Begin XCRemoteSwiftPackageReference section */
		900000002 /* XCRemoteSwiftPackageReference "ZIPFoundation" */ = {
			isa = XCRemoteSwiftPackageReference;
			repositoryURL = "https://github.com/weichsel/ZIPFoundation.git";
			requirement = {
				kind = upToNextMajorVersion;
				minimumVersion = 0.9.0;
			};
		};
/* End XCRemoteSwiftPackageReference section */

/* Begin XCSwiftPackageProductDependency section */
		300000001 /* ZIPFoundation */ = {
			isa = XCSwiftPackageProductDependency;
			package = 900000002 /* XCRemoteSwiftPackageReference "ZIPFoundation" */;
			productName = ZIPFoundation;
		};
/* End XCSwiftPackageProductDependency section */
	};
	rootObject = 900000001 /* Project object */;
}
